
Microsoft Visual Studio Solution File, Format Version 12.00
# Visual Studio Version 17
VisualStudioVersion = 17.8.34330.188
MinimumVisualStudioVersion = 10.0.40219.1
Project("{9A19103F-16F7-4668-BE54-9A1E7A4F7556}") = "SmsPackage.Model", "SmsPackage.Model\SmsPackage.Model.csproj", "{032AC04C-EC58-4391-8EC0-8DE99332C758}"
EndProject
Project("{9A19103F-16F7-4668-BE54-9A1E7A4F7556}") = "SmsPackage.Service", "SmsPackage.Service\SmsPackage.Service.csproj", "{142A3C83-1F4B-4138-A4E3-14CEA781C96D}"
EndProject
Project("{9A19103F-16F7-4668-BE54-9A1E7A4F7556}") = "SmsPackage.Test", "SmsPackage.Test\SmsPackage.Test.csproj", "{71A49E61-29A8-491F-9C1A-B9B42C7DA70A}"
EndProject
Project("{9A19103F-16F7-4668-BE54-9A1E7A4F7556}") = "SmsPackage.Api.Lianlu", "SmsPackage.Api.Lianlu\SmsPackage.Api.Lianlu.csproj", "{A88B7085-A951-428D-B829-831E0336622E}"
EndProject
Project("{9A19103F-16F7-4668-BE54-9A1E7A4F7556}") = "SmsPackage.Api.Zhutong", "SmsPackage.Api.Zhutong\SmsPackage.Api.Zhutong.csproj", "{E886D1A4-CE33-4E74-AD85-6EF1A797E7CC}"
EndProject
Project("{9A19103F-16F7-4668-BE54-9A1E7A4F7556}") = "SmsPackage.Api.Mas", "SmsPackage.Api.Mas\SmsPackage.Api.Mas.csproj", "{D69153F8-BEA4-40D2-835A-E1E9E9E17A3C}"
EndProject
Global
	GlobalSection(SolutionConfigurationPlatforms) = preSolution
		Debug|Any CPU = Debug|Any CPU
		Release|Any CPU = Release|Any CPU
	EndGlobalSection
	GlobalSection(ProjectConfigurationPlatforms) = postSolution
		{032AC04C-EC58-4391-8EC0-8DE99332C758}.Debug|Any CPU.ActiveCfg = Debug|Any CPU
		{032AC04C-EC58-4391-8EC0-8DE99332C758}.Debug|Any CPU.Build.0 = Debug|Any CPU
		{032AC04C-EC58-4391-8EC0-8DE99332C758}.Release|Any CPU.ActiveCfg = Release|Any CPU
		{032AC04C-EC58-4391-8EC0-8DE99332C758}.Release|Any CPU.Build.0 = Release|Any CPU
		{142A3C83-1F4B-4138-A4E3-14CEA781C96D}.Debug|Any CPU.ActiveCfg = Debug|Any CPU
		{142A3C83-1F4B-4138-A4E3-14CEA781C96D}.Debug|Any CPU.Build.0 = Debug|Any CPU
		{142A3C83-1F4B-4138-A4E3-14CEA781C96D}.Release|Any CPU.ActiveCfg = Release|Any CPU
		{142A3C83-1F4B-4138-A4E3-14CEA781C96D}.Release|Any CPU.Build.0 = Release|Any CPU
		{71A49E61-29A8-491F-9C1A-B9B42C7DA70A}.Debug|Any CPU.ActiveCfg = Debug|Any CPU
		{71A49E61-29A8-491F-9C1A-B9B42C7DA70A}.Debug|Any CPU.Build.0 = Debug|Any CPU
		{71A49E61-29A8-491F-9C1A-B9B42C7DA70A}.Release|Any CPU.ActiveCfg = Release|Any CPU
		{71A49E61-29A8-491F-9C1A-B9B42C7DA70A}.Release|Any CPU.Build.0 = Release|Any CPU
		{A88B7085-A951-428D-B829-831E0336622E}.Debug|Any CPU.ActiveCfg = Debug|Any CPU
		{A88B7085-A951-428D-B829-831E0336622E}.Debug|Any CPU.Build.0 = Debug|Any CPU
		{A88B7085-A951-428D-B829-831E0336622E}.Release|Any CPU.ActiveCfg = Release|Any CPU
		{A88B7085-A951-428D-B829-831E0336622E}.Release|Any CPU.Build.0 = Release|Any CPU
		{E886D1A4-CE33-4E74-AD85-6EF1A797E7CC}.Debug|Any CPU.ActiveCfg = Debug|Any CPU
		{E886D1A4-CE33-4E74-AD85-6EF1A797E7CC}.Debug|Any CPU.Build.0 = Debug|Any CPU
		{E886D1A4-CE33-4E74-AD85-6EF1A797E7CC}.Release|Any CPU.ActiveCfg = Release|Any CPU
		{E886D1A4-CE33-4E74-AD85-6EF1A797E7CC}.Release|Any CPU.Build.0 = Release|Any CPU
		{D69153F8-BEA4-40D2-835A-E1E9E9E17A3C}.Debug|Any CPU.ActiveCfg = Debug|Any CPU
		{D69153F8-BEA4-40D2-835A-E1E9E9E17A3C}.Debug|Any CPU.Build.0 = Debug|Any CPU
		{D69153F8-BEA4-40D2-835A-E1E9E9E17A3C}.Release|Any CPU.ActiveCfg = Release|Any CPU
		{D69153F8-BEA4-40D2-835A-E1E9E9E17A3C}.Release|Any CPU.Build.0 = Release|Any CPU
	EndGlobalSection
	GlobalSection(SolutionProperties) = preSolution
		HideSolutionNode = FALSE
	EndGlobalSection
	GlobalSection(ExtensibilityGlobals) = postSolution
		SolutionGuid = {96E0EAD1-FA4F-410D-9536-A139ECF1FB36}
	EndGlobalSection
EndGlobal
